{
  "nodes": {
    "copilot-vim": {
      "flake": false,
      "locked": {
        "lastModified": 1759286534,
        "narHash": "sha256-dL+yxTPSjX5PDJ4LgqFoS1HtkZV9G1S6VD+w+CPhil8=",
        "owner": "github",
        "repo": "copilot.vim",
        "rev": "da369d90cfd6c396b1d0ec259836a1c7222fb2ea",
        "type": "github"
      },
      "original": {
        "owner": "github",
        "repo": "copilot.vim",
        "type": "github"
      }
    },
    "flake-compat": {
      "flake": false,
      "locked": {
        "lastModified": 1696426674,
        "narHash": "sha256-kvjfFW7WAETZlt09AgDn1MrtKzP7t90Vf7vypd3OL1U=",
        "owner": "edolstra",
        "repo": "flake-compat",
        "rev": "0f9255e01c2351cc7d116c072cb317785dd33b33",
        "type": "github"
      },
      "original": {
        "owner": "edolstra",
        "repo": "flake-compat",
        "type": "github"
      }
    },
    "flake-parts": {
      "inputs": {
        "nixpkgs-lib": "nixpkgs-lib"
      },
      "locked": {
        "lastModified": 1717285511,
        "narHash": "sha256-iKzJcpdXih14qYVcZ9QC9XuZYnPc6T8YImb6dX166kw=",
        "owner": "hercules-ci",
        "repo": "flake-parts",
        "rev": "2a55567fcf15b1b1c7ed712a2c6fadaec7412ea8",
        "type": "github"
      },
      "original": {
        "owner": "hercules-ci",
        "repo": "flake-parts",
        "type": "github"
      }
    },
    "flake-utils": {
      "inputs": {
        "systems": "systems"
      },
      "locked": {
        "lastModified": 1731533236,
        "narHash": "sha256-l0KFg5HjrsfsO/JpG+r7fRrqm12kzFHyUHqHCVpMMbI=",
        "owner": "numtide",
        "repo": "flake-utils",
        "rev": "11707dc2f618dd54ca8739b309ec4fc024de578b",
        "type": "github"
      },
      "original": {
        "owner": "numtide",
        "repo": "flake-utils",
        "type": "github"
      }
    },
    "fzf": {
      "flake": false,
      "locked": {
        "lastModified": 1760035297,
        "narHash": "sha256-arl1Jcucvjz4UWxgzdhswB6SnPvvI4AmmhR66Xp6v4I=",
        "owner": "junegunn",
        "repo": "fzf",
        "rev": "91c4bef35f4ad3ebfc8562e8b97e224d1b622db5",
        "type": "github"
      },
      "original": {
        "owner": "junegunn",
        "repo": "fzf",
        "type": "github"
      }
    },
    "fzf-vim": {
      "flake": false,
      "locked": {
        "lastModified": 1756861177,
        "narHash": "sha256-aZ5pdUt/JMXauvwrL/of8yRV60Qdxyi64VVgtgVNCGk=",
        "owner": "junegunn",
        "repo": "fzf.vim",
        "rev": "879db51d0965515cdaef9b7f6bdeb91c65d2829e",
        "type": "github"
      },
      "original": {
        "owner": "junegunn",
        "repo": "fzf.vim",
        "type": "github"
      }
    },
    "gen-luarc": {
      "inputs": {
        "flake-parts": "flake-parts",
        "git-hooks": "git-hooks",
        "luvit-meta": "luvit-meta",
        "nixpkgs": "nixpkgs"
      },
      "locked": {
        "lastModified": 1755304025,
        "narHash": "sha256-xVKfjFwc0zMbLMjLTiHz+0llggkjs93SmHkhaa9S3M4=",
        "owner": "mrcjkb",
        "repo": "nix-gen-luarc-json",
        "rev": "1865b0ebb753ae5324d7381b1fa8c98c04ec7509",
        "type": "github"
      },
      "original": {
        "owner": "mrcjkb",
        "repo": "nix-gen-luarc-json",
        "type": "github"
      }
    },
    "git-hooks": {
      "inputs": {
        "flake-compat": "flake-compat",
        "gitignore": "gitignore",
        "nixpkgs": [
          "gen-luarc",
          "nixpkgs"
        ],
        "nixpkgs-stable": "nixpkgs-stable"
      },
      "locked": {
        "lastModified": 1723803910,
        "narHash": "sha256-yezvUuFiEnCFbGuwj/bQcqg7RykIEqudOy/RBrId0pc=",
        "owner": "cachix",
        "repo": "git-hooks.nix",
        "rev": "bfef0ada09e2c8ac55bbcd0831bd0c9d42e651ba",
        "type": "github"
      },
      "original": {
        "owner": "cachix",
        "repo": "git-hooks.nix",
        "type": "github"
      }
    },
    "gitignore": {
      "inputs": {
        "nixpkgs": [
          "gen-luarc",
          "git-hooks",
          "nixpkgs"
        ]
      },
      "locked": {
        "lastModified": 1709087332,
        "narHash": "sha256-HG2cCnktfHsKV0s4XW83gU3F57gaTljL9KNSuG6bnQs=",
        "owner": "hercules-ci",
        "repo": "gitignore.nix",
        "rev": "637db329424fd7e46cf4185293b9cc8c88c95394",
        "type": "github"
      },
      "original": {
        "owner": "hercules-ci",
        "repo": "gitignore.nix",
        "type": "github"
      }
    },
    "gitsigns-nvim": {
      "flake": false,
      "locked": {
        "lastModified": 1759324477,
        "narHash": "sha256-GDK9I3SNRyZe59+GsnDC0L2KjGr150dWo4S3DUwhT7U=",
        "owner": "lewis6991",
        "repo": "gitsigns.nvim",
        "rev": "1ee5c1fd068c81f9dd06483e639c2aa4587dc197",
        "type": "github"
      },
      "original": {
        "owner": "lewis6991",
        "repo": "gitsigns.nvim",
        "type": "github"
      }
    },
    "luvit-meta": {
      "flake": false,
      "locked": {
        "lastModified": 1705776742,
        "narHash": "sha256-zAAptV/oLuLAAsa2zSB/6fxlElk4+jNZd/cPr9oxFig=",
        "owner": "Bilal2453",
        "repo": "luvit-meta",
        "rev": "ce76f6f6cdc9201523a5875a4471dcfe0186eb60",
        "type": "github"
      },
      "original": {
        "owner": "Bilal2453",
        "repo": "luvit-meta",
        "type": "github"
      }
    },
    "nixpkgs": {
      "locked": {
        "lastModified": 1718714799,
        "narHash": "sha256-FUZpz9rg3gL8NVPKbqU8ei1VkPLsTIfAJ2fdAf5qjak=",
        "owner": "nixos",
        "repo": "nixpkgs",
        "rev": "c00d587b1a1afbf200b1d8f0b0e4ba9deb1c7f0e",
        "type": "github"
      },
      "original": {
        "owner": "nixos",
        "ref": "nixos-unstable",
        "repo": "nixpkgs",
        "type": "github"
      }
    },
    "nixpkgs-lib": {
      "locked": {
        "lastModified": 1717284937,
        "narHash": "sha256-lIbdfCsf8LMFloheeE6N31+BMIeixqyQWbSr2vk79EQ=",
        "type": "tarball",
        "url": "https://github.com/NixOS/nixpkgs/archive/eb9ceca17df2ea50a250b6b27f7bf6ab0186f198.tar.gz"
      },
      "original": {
        "type": "tarball",
        "url": "https://github.com/NixOS/nixpkgs/archive/eb9ceca17df2ea50a250b6b27f7bf6ab0186f198.tar.gz"
      }
    },
    "nixpkgs-stable": {
      "locked": {
        "lastModified": 1720386169,
        "narHash": "sha256-NGKVY4PjzwAa4upkGtAMz1npHGoRzWotlSnVlqI40mo=",
        "owner": "NixOS",
        "repo": "nixpkgs",
        "rev": "194846768975b7ad2c4988bdb82572c00222c0d7",
        "type": "github"
      },
      "original": {
        "owner": "NixOS",
        "ref": "nixos-24.05",
        "repo": "nixpkgs",
        "type": "github"
      }
    },
    "nixpkgs-stable_2": {
      "locked": {
        "lastModified": 1760088435,
        "narHash": "sha256-/8nKMzBGL37BndLufaBe+6fsCwMGss86VO37F0zp4E8=",
        "owner": "NixOS",
        "repo": "nixpkgs",
        "rev": "ece39ffb45aaf7aa8a92ec3631cc5db01c210e4b",
        "type": "github"
      },
      "original": {
        "owner": "NixOS",
        "ref": "release-25.05",
        "repo": "nixpkgs",
        "type": "github"
      }
    },
    "nixpkgs_2": {
      "locked": {
        "lastModified": 1759977445,
        "narHash": "sha256-LYr4IDfuihCkFAkSYz5//gT2r1ewcWBYgd5AxPzPLIo=",
        "owner": "NixOS",
        "repo": "nixpkgs",
        "rev": "2dad7af78a183b6c486702c18af8a9544f298377",
        "type": "github"
      },
      "original": {
        "owner": "NixOS",
        "ref": "nixpkgs-unstable",
        "repo": "nixpkgs",
        "type": "github"
      }
    },
    "nvim-autocomp": {
      "flake": false,
      "locked": {
        "lastModified": 1760092444,
        "narHash": "sha256-h5PhdwaxfqVxnIP0Gv5sr8jLbpa57jzLvIwJ6t0nfB8=",
        "owner": "Ja-sonYun",
        "repo": "nvim-autocomp",
        "rev": "c3ea27d8bdb6dac8e18372919083d25bb854a352",
        "type": "github"
      },
      "original": {
        "owner": "Ja-sonYun",
        "repo": "nvim-autocomp",
        "type": "github"
      }
    },
    "nvim-bnqf": {
      "flake": false,
      "locked": {
        "lastModified": 1760092457,
        "narHash": "sha256-JWl3yxAbkyQPo2kKVmue/Q2BUSJU/ntid74Iva47P/g=",
        "owner": "Ja-sonYun",
        "repo": "nvim-bnqf",
        "rev": "5a046ed1f26884df98f56bb16ff05c844d8f9caa",
        "type": "github"
      },
      "original": {
        "owner": "Ja-sonYun",
        "repo": "nvim-bnqf",
        "type": "github"
      }
    },
    "nvim-formatter": {
      "flake": false,
      "locked": {
        "lastModified": 1760092465,
        "narHash": "sha256-+2NVhNU5EboB5i/PhBDWKF0cxJlXVkDW0TUeUDyArKw=",
        "owner": "Ja-sonYun",
        "repo": "nvim-formatter",
        "rev": "78c4ccf2fe5adccb56d1885cd7bfa1fea5581844",
        "type": "github"
      },
      "original": {
        "owner": "Ja-sonYun",
        "repo": "nvim-formatter",
        "type": "github"
      }
    },
    "nvim-macroedit": {
      "flake": false,
      "locked": {
        "lastModified": 1760092437,
        "narHash": "sha256-84R6stGtC7rbf45v3NlxVv0yZgvGPjwET0F/qt/kPtM=",
        "owner": "Ja-sonYun",
        "repo": "nvim-macroedit",
        "rev": "cd53686e4bbed4b26578ba0468268c757e888025",
        "type": "github"
      },
      "original": {
        "owner": "Ja-sonYun",
        "repo": "nvim-macroedit",
        "type": "github"
      }
    },
    "nvim-rooter": {
      "flake": false,
      "locked": {
        "lastModified": 1760092479,
        "narHash": "sha256-WxWjfSIXvO1vixBxl4oI1rPrEIcGjMtSaRECN97l6PE=",
        "owner": "Ja-sonYun",
        "repo": "nvim-rooter",
        "rev": "f2edb307633f785effee7ac73296b0c6e5f0ef74",
        "type": "github"
      },
      "original": {
        "owner": "Ja-sonYun",
        "repo": "nvim-rooter",
        "type": "github"
      }
    },
    "nvim-wordnav": {
      "flake": false,
      "locked": {
        "lastModified": 1759951565,
        "narHash": "sha256-1nCQVPOxDUO2d06Yr8UBTRdvo2qVai12ombvLAeb27U=",
        "owner": "Ja-sonYun",
        "repo": "nvim-wordnav",
        "rev": "4ee4ba0a4984eb8978ec6fe1aae326597e40cbbb",
        "type": "github"
      },
      "original": {
        "owner": "Ja-sonYun",
        "repo": "nvim-wordnav",
        "type": "github"
      }
    },
    "root": {
      "inputs": {
        "copilot-vim": "copilot-vim",
        "flake-utils": "flake-utils",
        "fzf": "fzf",
        "fzf-vim": "fzf-vim",
        "gen-luarc": "gen-luarc",
        "gitsigns-nvim": "gitsigns-nvim",
        "nixpkgs": "nixpkgs_2",
        "nixpkgs-stable": "nixpkgs-stable_2",
        "nvim-autocomp": "nvim-autocomp",
        "nvim-bnqf": "nvim-bnqf",
        "nvim-formatter": "nvim-formatter",
        "nvim-macroedit": "nvim-macroedit",
        "nvim-rooter": "nvim-rooter",
        "nvim-wordnav": "nvim-wordnav"
      }
    },
    "systems": {
      "locked": {
        "lastModified": 1681028828,
        "narHash": "sha256-Vy1rq5AaRuLzOxct8nz4T6wlgyUR7zLU309k9mBC768=",
        "owner": "nix-systems",
        "repo": "default",
        "rev": "da67096a3b9bf56a91d16901293e51ba5b49a27e",
        "type": "github"
      },
      "original": {
        "owner": "nix-systems",
        "repo": "default",
        "type": "github"
      }
    }
  },
  "root": "root",
  "version": 7
}
