{
  "nodes": {
    "brew-src": {
      "flake": false,
      "locked": {
        "lastModified": 1748658199,
        "narHash": "sha256-xmI9Bk8zDWgmvJlPpeHZk9yHCZPG5uxZH9VmdEdWCkU=",
        "owner": "Homebrew",
        "repo": "brew",
        "rev": "54c8b127ea2263fbbaf1354e3d8d86025e387ea6",
        "type": "github"
      },
      "original": {
        "owner": "Homebrew",
        "ref": "4.5.4",
        "repo": "brew",
        "type": "github"
      }
    },
    "conform-nvim": {
      "flake": false,
      "locked": {
        "lastModified": 1749065736,
        "narHash": "sha256-C/HlxKGdCOIwCm6DGhsdS+XTEs4V/vydTssc/cDcd0M=",
        "owner": "stevearc",
        "repo": "conform.nvim",
        "rev": "0e93e0d12d2f7ebdea9e3e444dfaff0050cefbe6",
        "type": "github"
      },
      "original": {
        "owner": "stevearc",
        "repo": "conform.nvim",
        "type": "github"
      }
    },
    "copilot-vim": {
      "flake": false,
      "locked": {
        "lastModified": 1748388005,
        "narHash": "sha256-Y0VG+X16yB8gj+g/dCg2OUe1iXc0wGq94jGc3V/Lz7k=",
        "owner": "github",
        "repo": "copilot.vim",
        "rev": "3955014c503b0cd7b30bc56c86c56c0736ca0951",
        "type": "github"
      },
      "original": {
        "owner": "github",
        "repo": "copilot.vim",
        "type": "github"
      }
    },
    "darwin": {
      "inputs": {
        "nixpkgs": [
          "nixpkgs"
        ]
      },
      "locked": {
        "lastModified": 1749194393,
        "narHash": "sha256-vt6hM9DNywnXXuW1qPDLzECmbDcmxhh58wpb0EEQjAo=",
        "owner": "nix-darwin",
        "repo": "nix-darwin",
        "rev": "19346808c445f23b08652971be198b9df6c33edc",
        "type": "github"
      },
      "original": {
        "owner": "nix-darwin",
        "ref": "master",
        "repo": "nix-darwin",
        "type": "github"
      }
    },
    "fidget-nvim": {
      "flake": false,
      "locked": {
        "lastModified": 1738817426,
        "narHash": "sha256-AFUx/ZQVWV7s5Wlppjk6N9QXoJKNKqxtf990FFlTEhw=",
        "owner": "j-hui",
        "repo": "fidget.nvim",
        "rev": "d9ba6b7bfe29b3119a610892af67602641da778e",
        "type": "github"
      },
      "original": {
        "owner": "j-hui",
        "repo": "fidget.nvim",
        "type": "github"
      }
    },
    "flake-compat": {
      "flake": false,
      "locked": {
        "lastModified": 1696426674,
        "narHash": "sha256-kvjfFW7WAETZlt09AgDn1MrtKzP7t90Vf7vypd3OL1U=",
        "owner": "edolstra",
        "repo": "flake-compat",
        "rev": "0f9255e01c2351cc7d116c072cb317785dd33b33",
        "type": "github"
      },
      "original": {
        "owner": "edolstra",
        "repo": "flake-compat",
        "type": "github"
      }
    },
    "flake-parts": {
      "inputs": {
        "nixpkgs-lib": "nixpkgs-lib"
      },
      "locked": {
        "lastModified": 1717285511,
        "narHash": "sha256-iKzJcpdXih14qYVcZ9QC9XuZYnPc6T8YImb6dX166kw=",
        "owner": "hercules-ci",
        "repo": "flake-parts",
        "rev": "2a55567fcf15b1b1c7ed712a2c6fadaec7412ea8",
        "type": "github"
      },
      "original": {
        "owner": "hercules-ci",
        "repo": "flake-parts",
        "type": "github"
      }
    },
    "flake-utils": {
      "inputs": {
        "systems": "systems"
      },
      "locked": {
        "lastModified": 1731533236,
        "narHash": "sha256-l0KFg5HjrsfsO/JpG+r7fRrqm12kzFHyUHqHCVpMMbI=",
        "owner": "numtide",
        "repo": "flake-utils",
        "rev": "11707dc2f618dd54ca8739b309ec4fc024de578b",
        "type": "github"
      },
      "original": {
        "owner": "numtide",
        "repo": "flake-utils",
        "type": "github"
      }
    },
    "fzf": {
      "flake": false,
      "locked": {
        "lastModified": 1749340947,
        "narHash": "sha256-MoBQH8JLTHld4EvxaixDEMBiNL8W/ixsAh++Ey+EvVM=",
        "owner": "junegunn",
        "repo": "fzf",
        "rev": "44ddab881ee337d11db9203ce28996cde33207d8",
        "type": "github"
      },
      "original": {
        "owner": "junegunn",
        "repo": "fzf",
        "type": "github"
      }
    },
    "fzf-vim": {
      "flake": false,
      "locked": {
        "lastModified": 1749347485,
        "narHash": "sha256-9fV3UEtUm2tGC2SvcwnLN9BYZa1MNPH0gYJrSh9jftE=",
        "owner": "junegunn",
        "repo": "fzf.vim",
        "rev": "98dcd77a189a8a87052c20d1be8082aea60101b7",
        "type": "github"
      },
      "original": {
        "owner": "junegunn",
        "repo": "fzf.vim",
        "type": "github"
      }
    },
    "gen-luarc": {
      "inputs": {
        "flake-parts": "flake-parts",
        "git-hooks": "git-hooks",
        "luvit-meta": "luvit-meta",
        "nixpkgs": "nixpkgs"
      },
      "locked": {
        "lastModified": 1724097937,
        "narHash": "sha256-Q4tgm8ZHAQUdvsNft86MqIbHQAm7OF7RT/wwYWXqSdY=",
        "owner": "mrcjkb",
        "repo": "nix-gen-luarc-json",
        "rev": "b36b69c4ded9f31b079523bc452e23458734cf00",
        "type": "github"
      },
      "original": {
        "owner": "mrcjkb",
        "repo": "nix-gen-luarc-json",
        "type": "github"
      }
    },
    "git-hooks": {
      "inputs": {
        "flake-compat": "flake-compat",
        "gitignore": "gitignore",
        "nixpkgs": [
          "neovim",
          "gen-luarc",
          "nixpkgs"
        ],
        "nixpkgs-stable": "nixpkgs-stable"
      },
      "locked": {
        "lastModified": 1723803910,
        "narHash": "sha256-yezvUuFiEnCFbGuwj/bQcqg7RykIEqudOy/RBrId0pc=",
        "owner": "cachix",
        "repo": "git-hooks.nix",
        "rev": "bfef0ada09e2c8ac55bbcd0831bd0c9d42e651ba",
        "type": "github"
      },
      "original": {
        "owner": "cachix",
        "repo": "git-hooks.nix",
        "type": "github"
      }
    },
    "gitignore": {
      "inputs": {
        "nixpkgs": [
          "neovim",
          "gen-luarc",
          "git-hooks",
          "nixpkgs"
        ]
      },
      "locked": {
        "lastModified": 1709087332,
        "narHash": "sha256-HG2cCnktfHsKV0s4XW83gU3F57gaTljL9KNSuG6bnQs=",
        "owner": "hercules-ci",
        "repo": "gitignore.nix",
        "rev": "637db329424fd7e46cf4185293b9cc8c88c95394",
        "type": "github"
      },
      "original": {
        "owner": "hercules-ci",
        "repo": "gitignore.nix",
        "type": "github"
      }
    },
    "gitsigns-nvim": {
      "flake": false,
      "locked": {
        "lastModified": 1748967690,
        "narHash": "sha256-L2ccr8gquqGBVP/KDfbSjV2AKAEG/x+go6cjHRqxrbA=",
        "owner": "lewis6991",
        "repo": "gitsigns.nvim",
        "rev": "d0f90ef51d4be86b824b012ec52ed715b5622e51",
        "type": "github"
      },
      "original": {
        "owner": "lewis6991",
        "repo": "gitsigns.nvim",
        "type": "github"
      }
    },
    "home-manager": {
      "inputs": {
        "nixpkgs": [
          "nixpkgs"
        ]
      },
      "locked": {
        "lastModified": 1749400020,
        "narHash": "sha256-0nTmHO8AYgRYk5v6zw5oZ3x9nh+feb+Isn7WNe318M0=",
        "owner": "nix-community",
        "repo": "home-manager",
        "rev": "2835e8ba0ad99ba86d4a5e497a962ec9fa35e48f",
        "type": "github"
      },
      "original": {
        "owner": "nix-community",
        "repo": "home-manager",
        "type": "github"
      }
    },
    "home-manager-stable": {
      "inputs": {
        "nixpkgs": [
          "nixpkgs-stable"
        ]
      },
      "locked": {
        "lastModified": 1749154018,
        "narHash": "sha256-gjN3j7joRvT3a8Zgcylnd4NFsnXeDBumqiu4HmY1RIg=",
        "owner": "nix-community",
        "repo": "home-manager",
        "rev": "7aae0ee71a17b19708b93b3ed448a1a0952bf111",
        "type": "github"
      },
      "original": {
        "owner": "nix-community",
        "ref": "release-25.05",
        "repo": "home-manager",
        "type": "github"
      }
    },
    "homebrew-bundle": {
      "flake": false,
      "locked": {
        "lastModified": 1745335228,
        "narHash": "sha256-TIKR2UgtyUmHLNZp255/vLs+1I10hXe+sciMEbAGFwE=",
        "owner": "homebrew",
        "repo": "homebrew-bundle",
        "rev": "a3265c84b232e13048ecbf6fc18a2eedfadbeb08",
        "type": "github"
      },
      "original": {
        "owner": "homebrew",
        "repo": "homebrew-bundle",
        "type": "github"
      }
    },
    "homebrew-cask": {
      "flake": false,
      "locked": {
        "lastModified": 1749431575,
        "narHash": "sha256-H8t5tlshN3wxIZEqCE6IUPlmCLOcDwyYgBIO/KIpRbE=",
        "owner": "homebrew",
        "repo": "homebrew-cask",
        "rev": "b3ffa1967fd718b6fef5b48d06cee1c0d52c6576",
        "type": "github"
      },
      "original": {
        "owner": "homebrew",
        "repo": "homebrew-cask",
        "type": "github"
      }
    },
    "homebrew-core": {
      "flake": false,
      "locked": {
        "lastModified": 1749436361,
        "narHash": "sha256-gE1X1k2lBwOypm4yiapJ/WBho9QvLdL0dvcOynDgcwI=",
        "owner": "homebrew",
        "repo": "homebrew-core",
        "rev": "03693e9ffcb5e41492daf7da37f3f9c3c5b16afa",
        "type": "github"
      },
      "original": {
        "owner": "homebrew",
        "repo": "homebrew-core",
        "type": "github"
      }
    },
    "luvit-meta": {
      "flake": false,
      "locked": {
        "lastModified": 1705776742,
        "narHash": "sha256-zAAptV/oLuLAAsa2zSB/6fxlElk4+jNZd/cPr9oxFig=",
        "owner": "Bilal2453",
        "repo": "luvit-meta",
        "rev": "ce76f6f6cdc9201523a5875a4471dcfe0186eb60",
        "type": "github"
      },
      "original": {
        "owner": "Bilal2453",
        "repo": "luvit-meta",
        "type": "github"
      }
    },
    "neovim": {
      "inputs": {
        "conform-nvim": "conform-nvim",
        "copilot-vim": "copilot-vim",
        "fidget-nvim": "fidget-nvim",
        "flake-utils": "flake-utils",
        "fzf": "fzf",
        "fzf-vim": "fzf-vim",
        "gen-luarc": "gen-luarc",
        "gitsigns-nvim": "gitsigns-nvim",
        "nixpkgs": "nixpkgs_2",
        "nui-nvim": "nui-nvim",
        "nvim-spider": "nvim-spider",
        "nvim-web-devicons-nvim": "nvim-web-devicons-nvim",
        "quicker-nvim": "quicker-nvim",
        "toggleterm-nvim": "toggleterm-nvim",
        "vim-rooter": "vim-rooter"
      },
      "locked": {
        "path": "./portable/neovim",
        "type": "path"
      },
      "original": {
        "path": "./portable/neovim",
        "type": "path"
      },
      "parent": []
    },
    "nix-homebrew": {
      "inputs": {
        "brew-src": "brew-src"
      },
      "locked": {
        "lastModified": 1749061673,
        "narHash": "sha256-cMXNT+bMgnbH1OVlGEGUr2K7Fbq+MXC2rGLnHjduQT0=",
        "owner": "zhaofengli",
        "repo": "nix-homebrew",
        "rev": "5108f0846cde2080aaeb1c7b08e3bd7d27f33b57",
        "type": "github"
      },
      "original": {
        "owner": "zhaofengli",
        "repo": "nix-homebrew",
        "type": "github"
      }
    },
    "nixpkgs": {
      "locked": {
        "lastModified": 1718714799,
        "narHash": "sha256-FUZpz9rg3gL8NVPKbqU8ei1VkPLsTIfAJ2fdAf5qjak=",
        "owner": "nixos",
        "repo": "nixpkgs",
        "rev": "c00d587b1a1afbf200b1d8f0b0e4ba9deb1c7f0e",
        "type": "github"
      },
      "original": {
        "owner": "nixos",
        "ref": "nixos-unstable",
        "repo": "nixpkgs",
        "type": "github"
      }
    },
    "nixpkgs-lib": {
      "locked": {
        "lastModified": 1717284937,
        "narHash": "sha256-lIbdfCsf8LMFloheeE6N31+BMIeixqyQWbSr2vk79EQ=",
        "type": "tarball",
        "url": "https://github.com/NixOS/nixpkgs/archive/eb9ceca17df2ea50a250b6b27f7bf6ab0186f198.tar.gz"
      },
      "original": {
        "type": "tarball",
        "url": "https://github.com/NixOS/nixpkgs/archive/eb9ceca17df2ea50a250b6b27f7bf6ab0186f198.tar.gz"
      }
    },
    "nixpkgs-stable": {
      "locked": {
        "lastModified": 1720386169,
        "narHash": "sha256-NGKVY4PjzwAa4upkGtAMz1npHGoRzWotlSnVlqI40mo=",
        "owner": "NixOS",
        "repo": "nixpkgs",
        "rev": "194846768975b7ad2c4988bdb82572c00222c0d7",
        "type": "github"
      },
      "original": {
        "owner": "NixOS",
        "ref": "nixos-24.05",
        "repo": "nixpkgs",
        "type": "github"
      }
    },
    "nixpkgs-stable_2": {
      "locked": {
        "lastModified": 1749434783,
        "narHash": "sha256-GWEBKAqT2g0Q8DtS7yrpfIp1L+g4ap/bAapXW+NZmzo=",
        "owner": "NixOS",
        "repo": "nixpkgs",
        "rev": "7c6efa7a9cfd627639255359bf65c63916718db6",
        "type": "github"
      },
      "original": {
        "owner": "NixOS",
        "ref": "release-25.05",
        "repo": "nixpkgs",
        "type": "github"
      }
    },
    "nixpkgs_2": {
      "locked": {
        "lastModified": 1749285348,
        "narHash": "sha256-frdhQvPbmDYaScPFiCnfdh3B/Vh81Uuoo0w5TkWmmjU=",
        "owner": "NixOS",
        "repo": "nixpkgs",
        "rev": "3e3afe5174c561dee0df6f2c2b2236990146329f",
        "type": "github"
      },
      "original": {
        "owner": "NixOS",
        "ref": "nixos-unstable",
        "repo": "nixpkgs",
        "type": "github"
      }
    },
    "nixpkgs_3": {
      "locked": {
        "lastModified": 1749401433,
        "narHash": "sha256-HXIQzULIG/MEUW2Q/Ss47oE3QrjxvpUX7gUl4Xp6lnc=",
        "owner": "NixOS",
        "repo": "nixpkgs",
        "rev": "08fcb0dcb59df0344652b38ea6326a2d8271baff",
        "type": "github"
      },
      "original": {
        "owner": "NixOS",
        "ref": "nixpkgs-unstable",
        "repo": "nixpkgs",
        "type": "github"
      }
    },
    "nui-nvim": {
      "flake": false,
      "locked": {
        "lastModified": 1749392788,
        "narHash": "sha256-41slmnvt1z7sCxvpiVuFmQ9g7eCaxQi1dDCL3AxSL1A=",
        "owner": "MunifTanjim",
        "repo": "nui.nvim",
        "rev": "de740991c12411b663994b2860f1a4fd0937c130",
        "type": "github"
      },
      "original": {
        "owner": "MunifTanjim",
        "repo": "nui.nvim",
        "type": "github"
      }
    },
    "nvim-spider": {
      "flake": false,
      "locked": {
        "lastModified": 1747667030,
        "narHash": "sha256-InGQR4VehYdxXcY6EiwMq6c7RcOtGFkb4dZCRb2EB/E=",
        "owner": "chrisgrieser",
        "repo": "nvim-spider",
        "rev": "99df646eab60df0b948dd2532ef5f5512707a9a4",
        "type": "github"
      },
      "original": {
        "owner": "chrisgrieser",
        "repo": "nvim-spider",
        "type": "github"
      }
    },
    "nvim-web-devicons-nvim": {
      "flake": false,
      "locked": {
        "lastModified": 1747360641,
        "narHash": "sha256-+RHeFaeCF/iwAf8qAOjbEIl3YcnrBMVfkQnnzDNhyTA=",
        "owner": "nvim-tree",
        "repo": "nvim-web-devicons",
        "rev": "1fb58cca9aebbc4fd32b086cb413548ce132c127",
        "type": "github"
      },
      "original": {
        "owner": "nvim-tree",
        "repo": "nvim-web-devicons",
        "type": "github"
      }
    },
    "quicker-nvim": {
      "flake": false,
      "locked": {
        "lastModified": 1747287269,
        "narHash": "sha256-VRqm++wKKPnvMt402rSI27EFRKMrvuJatxCkNwgo0UA=",
        "owner": "stevearc",
        "repo": "quicker.nvim",
        "rev": "51d3926f183c2d98fbc237cc237ae0926839af3a",
        "type": "github"
      },
      "original": {
        "owner": "stevearc",
        "repo": "quicker.nvim",
        "type": "github"
      }
    },
    "root": {
      "inputs": {
        "darwin": "darwin",
        "home-manager": "home-manager",
        "home-manager-stable": "home-manager-stable",
        "homebrew-bundle": "homebrew-bundle",
        "homebrew-cask": "homebrew-cask",
        "homebrew-core": "homebrew-core",
        "neovim": "neovim",
        "nix-homebrew": "nix-homebrew",
        "nixpkgs": "nixpkgs_3",
        "nixpkgs-stable": "nixpkgs-stable_2"
      }
    },
    "systems": {
      "locked": {
        "lastModified": 1681028828,
        "narHash": "sha256-Vy1rq5AaRuLzOxct8nz4T6wlgyUR7zLU309k9mBC768=",
        "owner": "nix-systems",
        "repo": "default",
        "rev": "da67096a3b9bf56a91d16901293e51ba5b49a27e",
        "type": "github"
      },
      "original": {
        "owner": "nix-systems",
        "repo": "default",
        "type": "github"
      }
    },
    "toggleterm-nvim": {
      "flake": false,
      "locked": {
        "lastModified": 1741512039,
        "narHash": "sha256-fytbX+L12TK45YKFU9K+iFJcDrwboKabihc2LtX29J4=",
        "owner": "akinsho",
        "repo": "toggleterm.nvim",
        "rev": "9a88eae817ef395952e08650b3283726786fb5fb",
        "type": "github"
      },
      "original": {
        "owner": "akinsho",
        "repo": "toggleterm.nvim",
        "type": "github"
      }
    },
    "vim-rooter": {
      "flake": false,
      "locked": {
        "lastModified": 1727254127,
        "narHash": "sha256-JrpYcQ/mJQQUvDdsYlaaep6J6/irDIrCAb8W49JHqzk=",
        "owner": "airblade",
        "repo": "vim-rooter",
        "rev": "51402fb77c4d6ae94994e37dc7ca13bec8f4afcc",
        "type": "github"
      },
      "original": {
        "owner": "airblade",
        "repo": "vim-rooter",
        "type": "github"
      }
    }
  },
  "root": "root",
  "version": 7
}
