{
  "nodes": {
    "nixpkgs": {
      "locked": {
        "lastModified": 1742395137,
        "narHash": "sha256-WWNNjCSzQCtATpCFEijm81NNG1xqlLMVbIzXAiZysbs=",
        "owner": "nixos",
        "repo": "nixpkgs",
        "rev": "2a725d40de138714db4872dc7405d86457aa17ad",
        "type": "github"
      },
      "original": {
        "owner": "nixos",
        "ref": "nixpkgs-unstable",
        "repo": "nixpkgs",
        "type": "github"
      }
    },
    "nixpkgs-terraform": {
      "locked": {
        "lastModified": 1715721473,
        "narHash": "sha256-42okGEXT2cPw3xfSxpb+L/O1YdIM/luq4poIuqEW/Fk=",
        "owner": "NixOS",
        "repo": "nixpkgs",
        "rev": "0c19708cf035f50d28eb4b2b8e7a79d4dc52f6bb",
        "type": "github"
      },
      "original": {
        "owner": "NixOS",
        "repo": "nixpkgs",
        "rev": "0c19708cf035f50d28eb4b2b8e7a79d4dc52f6bb",
        "type": "github"
      }
    },
    "root": {
      "inputs": {
        "nixpkgs": "nixpkgs",
        "nixpkgs-terraform": "nixpkgs-terraform"
      }
    }
  },
  "root": "root",
  "version": 7
}
