{
  "nodes": {
    "nixpkgs": {
      "locked": {
        "lastModified": 1766268654,
        "narHash": "sha256-JuS4ucoXQOfaNDVL47oTHp+nRCI3OwlAhpOINCixdhw=",
        "owner": "NixOS",
        "repo": "nixpkgs",
        "rev": "f03e59b1111c68b721b20bb72ee7d7e079d38a0f",
        "type": "github"
      },
      "original": {
        "owner": "NixOS",
        "ref": "release-25.05",
        "repo": "nixpkgs",
        "type": "github"
      }
    },
    "nixpkgs-unstable": {
      "locked": {
        "lastModified": 1766125104,
        "narHash": "sha256-l/YGrEpLromL4viUo5GmFH3K5M1j0Mb9O+LiaeCPWEM=",
        "owner": "NixOS",
        "repo": "nixpkgs",
        "rev": "7d853e518814cca2a657b72eeba67ae20ebf7059",
        "type": "github"
      },
      "original": {
        "owner": "NixOS",
        "ref": "nixpkgs-unstable",
        "repo": "nixpkgs",
        "type": "github"
      }
    },
    "root": {
      "inputs": {
        "nixpkgs": "nixpkgs",
        "nixpkgs-unstable": "nixpkgs-unstable",
        "vim-eskk": "vim-eskk",
        "vim-lsp": "vim-lsp"
      }
    },
    "vim-eskk": {
      "flake": false,
      "locked": {
        "lastModified": 1717933058,
        "narHash": "sha256-7nPzxCbKHBwplrTCsO4SxdFe/VK0VMHWDspWvVJvwLU=",
        "owner": "vim-skk",
        "repo": "eskk.vim",
        "rev": "e530575790cca5d6603b8ab984298459ecf3c0c0",
        "type": "github"
      },
      "original": {
        "owner": "vim-skk",
        "repo": "eskk.vim",
        "type": "github"
      }
    },
    "vim-lsp": {
      "flake": false,
      "locked": {
        "lastModified": 1766160097,
        "narHash": "sha256-mAwObuCy47bC8pJIKg+3i39uZGAgSOwMcyxFgmg0s4o=",
        "owner": "yegappan",
        "repo": "lsp",
        "rev": "a49e517ad64c9b26e72cca1781dad974301b0a2b",
        "type": "github"
      },
      "original": {
        "owner": "yegappan",
        "repo": "lsp",
        "type": "github"
      }
    }
  },
  "root": "root",
  "version": 7
}
