{
  "nodes": {
    "nixpkgs": {
      "locked": {
        "lastModified": 1761705643,
        "narHash": "sha256-O3it2JTTk1DDjIxvpSXGo/MJON4/mttqCMzFiaFPS+k=",
        "owner": "NixOS",
        "repo": "nixpkgs",
        "rev": "8f2525c2295f7357b7d60779f4057b054468158d",
        "type": "github"
      },
      "original": {
        "owner": "NixOS",
        "ref": "release-25.05",
        "repo": "nixpkgs",
        "type": "github"
      }
    },
    "nixpkgs-unstable": {
      "locked": {
        "lastModified": 1761594641,
        "narHash": "sha256-sImk6SJQASDLQo8l+0zWWaBgg7TueLS6lTvdH5pBZpo=",
        "owner": "NixOS",
        "repo": "nixpkgs",
        "rev": "1666250dbe4141e4ca8aaf89b40a3a51c2e36144",
        "type": "github"
      },
      "original": {
        "owner": "NixOS",
        "ref": "nixpkgs-unstable",
        "repo": "nixpkgs",
        "type": "github"
      }
    },
    "root": {
      "inputs": {
        "nixpkgs": "nixpkgs",
        "nixpkgs-unstable": "nixpkgs-unstable",
        "vim-lsp": "vim-lsp"
      }
    },
    "vim-lsp": {
      "flake": false,
      "locked": {
        "lastModified": 1761627016,
        "narHash": "sha256-W3VIsB3JaEv7YavIrdFFmMq/cwmLM1mbR7QrRxWCbmc=",
        "owner": "yegappan",
        "repo": "lsp",
        "rev": "3238b97956b69456d922b249b02bcfff66ded835",
        "type": "github"
      },
      "original": {
        "owner": "yegappan",
        "repo": "lsp",
        "type": "github"
      }
    }
  },
  "root": "root",
  "version": 7
}
