{
  "nodes": {
    "nixpkgs": {
      "locked": {
        "lastModified": 1760934318,
        "narHash": "sha256-/oUYsC0lUCBory65VK+UHqCCsCspbL1Vgfcf1KUYqVw=",
        "owner": "NixOS",
        "repo": "nixpkgs",
        "rev": "87848bf0cc4f87717fc813a4575f07330c3e743c",
        "type": "github"
      },
      "original": {
        "owner": "NixOS",
        "ref": "nixpkgs-unstable",
        "repo": "nixpkgs",
        "type": "github"
      }
    },
    "root": {
      "inputs": {
        "nixpkgs": "nixpkgs",
        "vim-lsp": "vim-lsp"
      }
    },
    "vim-lsp": {
      "flake": false,
      "locked": {
        "lastModified": 1760902718,
        "narHash": "sha256-ZIBMkOPg0OF19TisUI0J3EQPhyMOx9HzbCqhrn//Nkc=",
        "owner": "yegappan",
        "repo": "lsp",
        "rev": "d26d791fe4026bfdb136a9e2d586e07c2700c5dc",
        "type": "github"
      },
      "original": {
        "owner": "yegappan",
        "repo": "lsp",
        "type": "github"
      }
    }
  },
  "root": "root",
  "version": 7
}
